// !$*UTF8*$!
{
	archiveVersion = 1;
	classes = {
	};
	objectVersion = 56;
	objects = {

/* Begin PBXBuildFile section */
		A1234567890123456789012A /* BergenApp.swift in Sources */ = {isa = PBXBuildFile; fileRef = A1234567890123456789012B /* BergenApp.swift */; };
		A1234567890123456789012C /* BergenButtonView.swift in Sources */ = {isa = PBXBuildFile; fileRef = A1234567890123456789012D /* BergenButtonView.swift */; };
		A1234567890123456789012E /* KartView.swift in Sources */ = {isa = PBXBuildFile; fileRef = A1234567890123456789012F /* KartView.swift */; };
		A1234567890123456789012G /* FaktaView.swift in Sources */ = {isa = PBXBuildFile; fileRef = A1234567890123456789012H /* FaktaView.swift */; };
		A1234567890123456789012I /* MerView.swift in Sources */ = {isa = PBXBuildFile; fileRef = A1234567890123456789012J /* MerView.swift */; };
		A1234567890123456789012K /* AudioService.swift in Sources */ = {isa = PBXBuildFile; fileRef = A1234567890123456789012L /* AudioService.swift */; };
		A1234567890123456789012M /* LocationService.swift in Sources */ = {isa = PBXBuildFile; fileRef = A1234567890123456789012N /* LocationService.swift */; };
		A1234567890123456789012O /* BergenFact.swift in Sources */ = {isa = PBXBuildFile; fileRef = A1234567890123456789012P /* BergenFact.swift */; };
		A1234567890123456789012Q /* Assets.xcassets in Resources */ = {isa = PBXBuildFile; fileRef = A1234567890123456789012R /* Assets.xcassets */; };
		A1234567890123456789012S /* bergen-facts.json in Resources */ = {isa = PBXBuildFile; fileRef = A1234567890123456789012T /* bergen-facts.json */; };
		A1234567890123456789012U /* Bergen1.mp3 in Resources */ = {isa = PBXBuildFile; fileRef = A1234567890123456789012V /* Bergen1.mp3 */; };
		A1234567890123456789012W /* Bergen2.mp3 in Resources */ = {isa = PBXBuildFile; fileRef = A1234567890123456789012X /* Bergen2.mp3 */; };
		A1234567890123456789012Y /* Bergen3.mp3 in Resources */ = {isa = PBXBuildFile; fileRef = A1234567890123456789012Z /* Bergen3.mp3 */; };
		A1234567890123456789013A /* Bergen4.m4a in Resources */ = {isa = PBXBuildFile; fileRef = A1234567890123456789013B /* Bergen4.m4a */; };
		A1234567890123456789013C /* Bergen5.mp3 in Resources */ = {isa = PBXBuildFile; fileRef = A1234567890123456789013D /* Bergen5.mp3 */; };
		A1234567890123456789013E /* Bergen6.mp3 in Resources */ = {isa = PBXBuildFile; fileRef = A1234567890123456789013F /* Bergen6.mp3 */; };
		A1234567890123456789013G /* Bergen7.m4a in Resources */ = {isa = PBXBuildFile; fileRef = A1234567890123456789013H /* Bergen7.m4a */; };
		A1234567890123456789013I /* grieg-morning.mp3 in Resources */ = {isa = PBXBuildFile; fileRef = A1234567890123456789013J /* grieg-morning.mp3 */; };
		A1234567890123456789013K /* grieg-mountain-king.mp3 in Resources */ = {isa = PBXBuildFile; fileRef = A1234567890123456789013L /* grieg-mountain-king.mp3 */; };
		E11AF9D70D3F45D4B843CA78 /* WeatherView.swift in Sources */ = {isa = PBXBuildFile; fileRef = FEEC4C8E97AE405993DB5F02 /* WeatherView.swift */; };
		2B9729723C714DC180E95987 /* RainCheckProvider.swift in Sources */ = {isa = PBXBuildFile; fileRef = 7A5E379F4114433D82C03888 /* RainCheckProvider.swift */; };
		A1234567890123456789014A /* newspaper-complaints.json in Resources */ = {isa = PBXBuildFile; fileRef = A1234567890123456789014B /* newspaper-complaints.json */; };
		A1234567890123456789014C /* newspapers.json in Resources */ = {isa = PBXBuildFile; fileRef = A1234567890123456789014D /* newspapers.json */; };
		A1234567890123456789014E /* NewspaperComplaintService.swift in Sources */ = {isa = PBXBuildFile; fileRef = A1234567890123456789014F /* NewspaperComplaintService.swift */; };
		A1234567890123456789014G /* NewspaperComplaintView.swift in Sources */ = {isa = PBXBuildFile; fileRef = A1234567890123456789014H /* NewspaperComplaintView.swift */; };
		A1234567890123456789014I /* ComplaintPreviewView.swift in Sources */ = {isa = PBXBuildFile; fileRef = A1234567890123456789014J /* ComplaintPreviewView.swift */; };
		74513EF0F94549DF8F66994C /* BergenOrdView.swift in Sources */ = {isa = PBXBuildFile; fileRef = 5095EE71365F4B6CAFF59C0A /* BergenOrdView.swift */; };
		F6F510C8BA0B40F39B3B94C3 /* BergenWord.swift in Sources */ = {isa = PBXBuildFile; fileRef = 7F64FE85DD164DD6BC5B3A26 /* BergenWord.swift */; };
		23D53B78D745451FAA0C181D /* BergenWordsService.swift in Sources */ = {isa = PBXBuildFile; fileRef = 6A8DCEC3F18D45C39193C45A /* BergenWordsService.swift */; };
		77D798F54A164F7F893C3123 /* BergenWordsLandingView.swift in Sources */ = {isa = PBXBuildFile; fileRef = C28F314E7FDE45498C4CA95F /* BergenWordsLandingView.swift */; };
		59B482D977234A7F949DDB83 /* BergenWordsFlashcardView.swift in Sources */ = {isa = PBXBuildFile; fileRef = DB70334F48184C028C25BB3E /* BergenWordsFlashcardView.swift */; };
		EAC7C7742BBB40DFAF95A43D /* BergenWordsQuizView.swift in Sources */ = {isa = PBXBuildFile; fileRef = 83DCB1D1AC4C497C98530E4B /* BergenWordsQuizView.swift */; };
		A1234567890123456789015A /* bergenske-uttrykk.json in Resources */ = {isa = PBXBuildFile; fileRef = A1234567890123456789015B /* bergenske-uttrykk.json */; };
		A1234567890123456789015C /* bergenske-ord-betydning.json in Resources */ = {isa = PBXBuildFile; fileRef = A1234567890123456789015D /* bergenske-ord-betydning.json */; };
		A1234567890123456789015E /* dialektord-ting-tang.json in Resources */ = {isa = PBXBuildFile; fileRef = A1234567890123456789015F /* dialektord-ting-tang.json */; };
		A1234567890123456789015G /* dialektord-personer.json in Resources */ = {isa = PBXBuildFile; fileRef = A1234567890123456789015H /* dialektord-personer.json */; };
/* End PBXBuildFile section */

/* Begin PBXFileReference section */
		A1234567890123456789011A /* BergenApp.app */ = {isa = PBXFileReference; explicitFileType = wrapper.application; includeInIndex = 0; path = BergenApp.app; sourceTree = BUILT_PRODUCTS_DIR; };
		A1234567890123456789012B /* BergenApp.swift */ = {isa = PBXFileReference; lastKnownFileType = sourcecode.swift; path = BergenApp.swift; sourceTree = "<group>"; };
		A1234567890123456789012D /* BergenButtonView.swift */ = {isa = PBXFileReference; lastKnownFileType = sourcecode.swift; path = BergenButtonView.swift; sourceTree = "<group>"; };
		A1234567890123456789012F /* KartView.swift */ = {isa = PBXFileReference; lastKnownFileType = sourcecode.swift; path = KartView.swift; sourceTree = "<group>"; };
		A1234567890123456789012H /* FaktaView.swift */ = {isa = PBXFileReference; lastKnownFileType = sourcecode.swift; path = FaktaView.swift; sourceTree = "<group>"; };
		A1234567890123456789012J /* MerView.swift */ = {isa = PBXFileReference; lastKnownFileType = sourcecode.swift; path = MerView.swift; sourceTree = "<group>"; };
		A1234567890123456789012L /* AudioService.swift */ = {isa = PBXFileReference; lastKnownFileType = sourcecode.swift; path = AudioService.swift; sourceTree = "<group>"; };
		A1234567890123456789012N /* LocationService.swift */ = {isa = PBXFileReference; lastKnownFileType = sourcecode.swift; path = LocationService.swift; sourceTree = "<group>"; };
		A1234567890123456789012P /* BergenFact.swift */ = {isa = PBXFileReference; lastKnownFileType = sourcecode.swift; path = BergenFact.swift; sourceTree = "<group>"; };
		A1234567890123456789012R /* Assets.xcassets */ = {isa = PBXFileReference; lastKnownFileType = folder.assetcatalog; path = Assets.xcassets; sourceTree = "<group>"; };
		A1234567890123456789012T /* bergen-facts.json */ = {isa = PBXFileReference; lastKnownFileType = text.json; path = "bergen-facts.json"; sourceTree = "<group>"; };
		A1234567890123456789012V /* Bergen1.mp3 */ = {isa = PBXFileReference; lastKnownFileType = audio.mp3; path = Bergen1.mp3; sourceTree = "<group>"; };
		A1234567890123456789012X /* Bergen2.mp3 */ = {isa = PBXFileReference; lastKnownFileType = audio.mp3; path = Bergen2.mp3; sourceTree = "<group>"; };
		A1234567890123456789012Z /* Bergen3.mp3 */ = {isa = PBXFileReference; lastKnownFileType = audio.mp3; path = Bergen3.mp3; sourceTree = "<group>"; };
		A1234567890123456789013B /* Bergen4.m4a */ = {isa = PBXFileReference; lastKnownFileType = audio.m4a; path = Bergen4.m4a; sourceTree = "<group>"; };
		A1234567890123456789013D /* Bergen5.mp3 */ = {isa = PBXFileReference; lastKnownFileType = audio.mp3; path = Bergen5.mp3; sourceTree = "<group>"; };
		A1234567890123456789013F /* Bergen6.mp3 */ = {isa = PBXFileReference; lastKnownFileType = audio.mp3; path = Bergen6.mp3; sourceTree = "<group>"; };
		A1234567890123456789013H /* Bergen7.m4a */ = {isa = PBXFileReference; lastKnownFileType = audio.m4a; path = Bergen7.m4a; sourceTree = "<group>"; };
		A1234567890123456789013J /* grieg-morning.mp3 */ = {isa = PBXFileReference; lastKnownFileType = audio.mp3; path = "grieg-morning.mp3"; sourceTree = "<group>"; };
		A1234567890123456789013L /* grieg-mountain-king.mp3 */ = {isa = PBXFileReference; lastKnownFileType = audio.mp3; path = "grieg-mountain-king.mp3"; sourceTree = "<group>"; };
		FEEC4C8E97AE405993DB5F02 /* WeatherView.swift */ = {isa = PBXFileReference; lastKnownFileType = sourcecode.swift; path = WeatherView.swift; sourceTree = "<group>"; };
		7A5E379F4114433D82C03888 /* RainCheckProvider.swift */ = {isa = PBXFileReference; lastKnownFileType = sourcecode.swift; path = RainCheckProvider.swift; sourceTree = "<group>"; };
		A1234567890123456789014B /* newspaper-complaints.json */ = {isa = PBXFileReference; lastKnownFileType = text.json; path = "newspaper-complaints.json"; sourceTree = "<group>"; };
		A1234567890123456789014D /* newspapers.json */ = {isa = PBXFileReference; lastKnownFileType = text.json; path = "newspapers.json"; sourceTree = "<group>"; };
		A1234567890123456789014F /* NewspaperComplaintService.swift */ = {isa = PBXFileReference; lastKnownFileType = sourcecode.swift; path = NewspaperComplaintService.swift; sourceTree = "<group>"; };
		A1234567890123456789014H /* NewspaperComplaintView.swift */ = {isa = PBXFileReference; lastKnownFileType = sourcecode.swift; path = NewspaperComplaintView.swift; sourceTree = "<group>"; };
		A1234567890123456789014J /* ComplaintPreviewView.swift */ = {isa = PBXFileReference; lastKnownFileType = sourcecode.swift; path = ComplaintPreviewView.swift; sourceTree = "<group>"; };
		5095EE71365F4B6CAFF59C0A /* BergenOrdView.swift */ = {isa = PBXFileReference; lastKnownFileType = sourcecode.swift; path = BergenOrdView.swift; sourceTree = "<group>"; };
		7F64FE85DD164DD6BC5B3A26 /* BergenWord.swift */ = {isa = PBXFileReference; lastKnownFileType = sourcecode.swift; path = BergenWord.swift; sourceTree = "<group>"; };
		6A8DCEC3F18D45C39193C45A /* BergenWordsService.swift */ = {isa = PBXFileReference; lastKnownFileType = sourcecode.swift; path = BergenWordsService.swift; sourceTree = "<group>"; };
		C28F314E7FDE45498C4CA95F /* BergenWordsLandingView.swift */ = {isa = PBXFileReference; lastKnownFileType = sourcecode.swift; path = BergenWordsLandingView.swift; sourceTree = "<group>"; };
		DB70334F48184C028C25BB3E /* BergenWordsFlashcardView.swift */ = {isa = PBXFileReference; lastKnownFileType = sourcecode.swift; path = BergenWordsFlashcardView.swift; sourceTree = "<group>"; };
		83DCB1D1AC4C497C98530E4B /* BergenWordsQuizView.swift */ = {isa = PBXFileReference; lastKnownFileType = sourcecode.swift; path = BergenWordsQuizView.swift; sourceTree = "<group>"; };
		A1234567890123456789015B /* bergenske-uttrykk.json */ = {isa = PBXFileReference; lastKnownFileType = text.json; path = "bergenske-uttrykk.json"; sourceTree = "<group>"; };
		A1234567890123456789015D /* bergenske-ord-betydning.json */ = {isa = PBXFileReference; lastKnownFileType = text.json; path = "bergenske-ord-betydning.json"; sourceTree = "<group>"; };
		A1234567890123456789015F /* dialektord-ting-tang.json */ = {isa = PBXFileReference; lastKnownFileType = text.json; path = "dialektord-ting-tang.json"; sourceTree = "<group>"; };
		A1234567890123456789015H /* dialektord-personer.json */ = {isa = PBXFileReference; lastKnownFileType = text.json; path = "dialektord-personer.json"; sourceTree = "<group>"; };
/* End PBXFileReference section */

/* Begin PBXFrameworksBuildPhase section */
		A1234567890123456789011B /* Frameworks */ = {
			isa = PBXFrameworksBuildPhase;
			buildActionMask = 2147483647;
			files = (
			);
			runOnlyForDeploymentPostprocessing = 0;
		};
/* End PBXFrameworksBuildPhase section */

/* Begin PBXGroup section */
		A1234567890123456789011C /* Bergen */ = {
			isa = PBXGroup;
			children = (
				A1234567890123456789011D /* Products */,
				A1234567890123456789011E /* BergenApp */,
			);
			sourceTree = "<group>";
		};
		A1234567890123456789011D /* Products */ = {
			isa = PBXGroup;
			children = (
				A1234567890123456789011A /* BergenApp.app */,
			);
			name = Products;
			sourceTree = "<group>";
		};
		A1234567890123456789011E /* BergenApp */ = {
			isa = PBXGroup;
			children = (
				A1234567890123456789012B /* BergenApp.swift */,
				A1234567890123456789011F /* Views */,
				A1234567890123456789011G /* Services */,
				A1234567890123456789011H /* Models */,
				A1234567890123456789011I /* Resources */,
				A1234567890123456789012R /* Assets.xcassets */,
			);
			path = BergenApp;
			sourceTree = "<group>";
		};
		A1234567890123456789011F /* Views */ = {
			isa = PBXGroup;
			children = (
				A1234567890123456789012D /* BergenButtonView.swift */,
				A1234567890123456789012F /* KartView.swift */,
				5095EE71365F4B6CAFF59C0A /* BergenOrdView.swift */,
				A1234567890123456789012H /* FaktaView.swift */,
				A1234567890123456789012J /* MerView.swift */,
				FEEC4C8E97AE405993DB5F02 /* WeatherView.swift */,
<<<<<<< HEAD
				A1234567890123456789014H /* NewspaperComplaintView.swift */,
				A1234567890123456789014J /* ComplaintPreviewView.swift */,
=======
				C28F314E7FDE45498C4CA95F /* BergenWordsLandingView.swift */,
				DB70334F48184C028C25BB3E /* BergenWordsFlashcardView.swift */,
				83DCB1D1AC4C497C98530E4B /* BergenWordsQuizView.swift */,
>>>>>>> origin/feature/update-meir-and-kart
			);
			path = Views;
			sourceTree = "<group>";
		};
		A1234567890123456789011G /* Services */ = {
			isa = PBXGroup;
			children = (
				A1234567890123456789012L /* AudioService.swift */,
				A1234567890123456789012N /* LocationService.swift */,
				7A5E379F4114433D82C03888 /* RainCheckProvider.swift */,
<<<<<<< HEAD
				A1234567890123456789014F /* NewspaperComplaintService.swift */,
=======
				6A8DCEC3F18D45C39193C45A /* BergenWordsService.swift */,
>>>>>>> origin/feature/update-meir-and-kart
			);
			path = Services;
			sourceTree = "<group>";
		};
		A1234567890123456789011H /* Models */ = {
			isa = PBXGroup;
			children = (
				A1234567890123456789012P /* BergenFact.swift */,
				7F64FE85DD164DD6BC5B3A26 /* BergenWord.swift */,
			);
			path = Models;
			sourceTree = "<group>";
		};
		A1234567890123456789011I /* Resources */ = {
			isa = PBXGroup;
			children = (
				A1234567890123456789012T /* bergen-facts.json */,
				A1234567890123456789014B /* newspaper-complaints.json */,
				A1234567890123456789014D /* newspapers.json */,
				A1234567890123456789011J /* Audio */,
				A1234567890123456789014I /* BergenWords */,
			);
			path = Resources;
			sourceTree = "<group>";
		};
		A1234567890123456789011J /* Audio */ = {
			isa = PBXGroup;
			children = (
				A1234567890123456789012V /* Bergen1.mp3 */,
				A1234567890123456789012X /* Bergen2.mp3 */,
				A1234567890123456789012Z /* Bergen3.mp3 */,
				A1234567890123456789013B /* Bergen4.m4a */,
				A1234567890123456789013D /* Bergen5.mp3 */,
				A1234567890123456789013F /* Bergen6.mp3 */,
				A1234567890123456789013H /* Bergen7.m4a */,
				A1234567890123456789013J /* grieg-morning.mp3 */,
				A1234567890123456789013L /* grieg-mountain-king.mp3 */,
			);
			path = Audio;
			sourceTree = "<group>";
		};
		A1234567890123456789014I /* BergenWords */ = {
			isa = PBXGroup;
			children = (
				A1234567890123456789014A /* bergenske-uttrykk.json */,
				A1234567890123456789014B /* bergenske-ord-betydning.json */,
				A1234567890123456789014C /* dialektord-ting-tang.json */,
				A1234567890123456789014D /* dialektord-personer.json */,
			);
			path = BergenWords;
			sourceTree = "<group>";
		};
/* End PBXGroup section */

/* Begin PBXNativeTarget section */
		A1234567890123456789011K /* BergenApp */ = {
			isa = PBXNativeTarget;
			buildConfigurationList = A1234567890123456789011L /* Build configuration list for PBXNativeTarget "BergenApp" */;
			buildPhases = (
				A1234567890123456789011M /* Sources */,
				A1234567890123456789011B /* Frameworks */,
				A1234567890123456789011N /* Resources */,
			);
			buildRules = (
			);
			dependencies = (
			);
			name = BergenApp;
			productName = BergenApp;
			productReference = A1234567890123456789011A /* BergenApp.app */;
			productType = "com.apple.product-type.application";
		};
/* End PBXNativeTarget section */

/* Begin PBXProject section */
		A1234567890123456789011O /* Project object */ = {
			isa = PBXProject;
			attributes = {
				BuildIndependentTargetsInParallel = 1;
				LastSwiftUpdateCheck = 1540;
				LastUpgradeCheck = 1540;
				TargetAttributes = {
					A1234567890123456789011K = {
						CreatedOnToolsVersion = 15.4;
					};
				};
			};
			buildConfigurationList = A1234567890123456789011P /* Build configuration list for PBXProject "BergenApp" */;
			compatibilityVersion = "Xcode 14.0";
			developmentRegion = en;
			hasScannedForEncodings = 0;
			knownRegions = (
				en,
				Base,
			);
			mainGroup = A1234567890123456789011C /* Bergen */;
			productRefGroup = A1234567890123456789011D /* Products */;
			projectDirPath = "";
			projectRoot = "";
			targets = (
				A1234567890123456789011K /* BergenApp */,
			);
		};
/* End PBXProject section */

/* Begin PBXResourcesBuildPhase section */
		A1234567890123456789011N /* Resources */ = {
			isa = PBXResourcesBuildPhase;
			buildActionMask = 2147483647;
			files = (
				A1234567890123456789012Q /* Assets.xcassets in Resources */,
				A1234567890123456789012S /* bergen-facts.json in Resources */,
				A1234567890123456789014A /* newspaper-complaints.json in Resources */,
				A1234567890123456789014C /* newspapers.json in Resources */,
				A1234567890123456789012U /* Bergen1.mp3 in Resources */,
				A1234567890123456789012W /* Bergen2.mp3 in Resources */,
				A1234567890123456789012Y /* Bergen3.mp3 in Resources */,
				A1234567890123456789013A /* Bergen4.m4a in Resources */,
				A1234567890123456789013C /* Bergen5.mp3 in Resources */,
				A1234567890123456789013E /* Bergen6.mp3 in Resources */,
				A1234567890123456789013G /* Bergen7.m4a in Resources */,
<<<<<<< HEAD
				A1234567890123456789013I /* grieg-morning.mp3 in Resources */,
				A1234567890123456789013K /* grieg-mountain-king.mp3 in Resources */,
=======
				A1234567890123456789014E /* bergenske-uttrykk.json in Resources */,
				A1234567890123456789014F /* bergenske-ord-betydning.json in Resources */,
				A1234567890123456789014G /* dialektord-ting-tang.json in Resources */,
				A1234567890123456789014H /* dialektord-personer.json in Resources */,
>>>>>>> origin/feature/update-meir-and-kart
			);
			runOnlyForDeploymentPostprocessing = 0;
		};
/* End PBXResourcesBuildPhase section */

/* Begin PBXSourcesBuildPhase section */
		A1234567890123456789011M /* Sources */ = {
			isa = PBXSourcesBuildPhase;
			buildActionMask = 2147483647;
			files = (
				A1234567890123456789012A /* BergenApp.swift in Sources */,
				A1234567890123456789012C /* BergenButtonView.swift in Sources */,
				A1234567890123456789012E /* KartView.swift in Sources */,
				74513EF0F94549DF8F66994C /* BergenOrdView.swift in Sources */,
				A1234567890123456789012G /* FaktaView.swift in Sources */,
				A1234567890123456789012I /* MerView.swift in Sources */,
				A1234567890123456789012K /* AudioService.swift in Sources */,
				A1234567890123456789012M /* LocationService.swift in Sources */,
				A1234567890123456789012O /* BergenFact.swift in Sources */,
				E11AF9D70D3F45D4B843CA78 /* WeatherView.swift in Sources */,
				2B9729723C714DC180E95987 /* RainCheckProvider.swift in Sources */,
<<<<<<< HEAD
				A1234567890123456789014E /* NewspaperComplaintService.swift in Sources */,
				A1234567890123456789014G /* NewspaperComplaintView.swift in Sources */,
				A1234567890123456789014I /* ComplaintPreviewView.swift in Sources */,
=======
				F6F510C8BA0B40F39B3B94C3 /* BergenWord.swift in Sources */,
				23D53B78D745451FAA0C181D /* BergenWordsService.swift in Sources */,
				77D798F54A164F7F893C3123 /* BergenWordsLandingView.swift in Sources */,
				59B482D977234A7F949DDB83 /* BergenWordsFlashcardView.swift in Sources */,
				EAC7C7742BBB40DFAF95A43D /* BergenWordsQuizView.swift in Sources */,
>>>>>>> origin/feature/update-meir-and-kart
			);
			runOnlyForDeploymentPostprocessing = 0;
		};
/* End PBXSourcesBuildPhase section */

/* Begin XCBuildConfiguration section */
		A1234567890123456789011Q /* Debug */ = {
			isa = XCBuildConfiguration;
			buildSettings = {
				ALWAYS_SEARCH_USER_PATHS = NO;
				ASSETCATALOG_COMPILER_GENERATE_SWIFT_ASSET_SYMBOL_EXTENSIONS = YES;
				CLANG_ANALYZER_NONNULL = YES;
				CLANG_ANALYZER_NUMBER_OBJECT_CONVERSION = YES_AGGRESSIVE;
				CLANG_CXX_LANGUAGE_STANDARD = "gnu++20";
				CLANG_ENABLE_MODULES = YES;
				CLANG_ENABLE_OBJC_ARC = YES;
				CLANG_ENABLE_OBJC_WEAK = YES;
				CLANG_WARN_BLOCK_CAPTURE_AUTORELEASING = YES;
				CLANG_WARN_BOOL_CONVERSION = YES;
				CLANG_WARN_COMMA = YES;
				CLANG_WARN_CONSTANT_CONVERSION = YES;
				CLANG_WARN_DEPRECATED_OBJC_IMPLEMENTATIONS = YES;
				CLANG_WARN_DIRECT_OBJC_ISA_USAGE = YES_ERROR;
				CLANG_WARN_DOCUMENTATION_COMMENTS = YES;
				CLANG_WARN_EMPTY_BODY = YES;
				CLANG_WARN_ENUM_CONVERSION = YES;
				CLANG_WARN_INFINITE_RECURSION = YES;
				CLANG_WARN_INT_CONVERSION = YES;
				CLANG_WARN_NON_LITERAL_NULL_CONVERSION = YES;
				CLANG_WARN_OBJC_IMPLICIT_RETAIN_SELF = YES;
				CLANG_WARN_OBJC_LITERAL_CONVERSION = YES;
				CLANG_WARN_OBJC_ROOT_CLASS = YES_ERROR;
				CLANG_WARN_QUOTED_INCLUDE_IN_FRAMEWORK_HEADER = YES;
				CLANG_WARN_RANGE_LOOP_ANALYSIS = YES;
				CLANG_WARN_STRICT_PROTOTYPES = YES;
				CLANG_WARN_SUSPICIOUS_MOVE = YES;
				CLANG_WARN_UNGUARDED_AVAILABILITY = YES_AGGRESSIVE;
				CLANG_WARN_UNREACHABLE_CODE = YES;
				CLANG_WARN__DUPLICATE_METHOD_MATCH = YES;
				COPY_PHASE_STRIP = NO;
				DEBUG_INFORMATION_FORMAT = dwarf;
				ENABLE_STRICT_OBJC_MSGSEND = YES;
				ENABLE_TESTABILITY = YES;
				ENABLE_USER_SCRIPT_SANDBOXING = YES;
				GCC_C_LANGUAGE_STANDARD = gnu17;
				GCC_DYNAMIC_NO_PIC = NO;
				GCC_NO_COMMON_BLOCKS = YES;
				GCC_OPTIMIZATION_LEVEL = 0;
				GCC_PREPROCESSOR_DEFINITIONS = (
					"DEBUG=1",
					"$(inherited)",
				);
				GCC_WARN_64_TO_32_BIT_CONVERSION = YES;
				GCC_WARN_ABOUT_RETURN_TYPE = YES_ERROR;
				GCC_WARN_UNDECLARED_SELECTOR = YES;
				GCC_WARN_UNINITIALIZED_AUTOS = YES_AGGRESSIVE;
				GCC_WARN_UNUSED_FUNCTION = YES;
				GCC_WARN_UNUSED_VARIABLE = YES;
				IPHONEOS_DEPLOYMENT_TARGET = 16.0;
				LOCALIZATION_PREFERS_STRING_CATALOGS = YES;
				MTL_ENABLE_DEBUG_INFO = INCLUDE_SOURCE;
				MTL_FAST_MATH = YES;
				ONLY_ACTIVE_ARCH = YES;
				SDKROOT = iphoneos;
				SWIFT_ACTIVE_COMPILATION_CONDITIONS = "DEBUG $(inherited)";
				SWIFT_OPTIMIZATION_LEVEL = "-Onone";
			};
			name = Debug;
		};
		A1234567890123456789011R /* Release */ = {
			isa = XCBuildConfiguration;
			buildSettings = {
				ALWAYS_SEARCH_USER_PATHS = NO;
				ASSETCATALOG_COMPILER_GENERATE_SWIFT_ASSET_SYMBOL_EXTENSIONS = YES;
				CLANG_ANALYZER_NONNULL = YES;
				CLANG_ANALYZER_NUMBER_OBJECT_CONVERSION = YES_AGGRESSIVE;
				CLANG_CXX_LANGUAGE_STANDARD = "gnu++20";
				CLANG_ENABLE_MODULES = YES;
				CLANG_ENABLE_OBJC_ARC = YES;
				CLANG_ENABLE_OBJC_WEAK = YES;
				CLANG_WARN_BLOCK_CAPTURE_AUTORELEASING = YES;
				CLANG_WARN_BOOL_CONVERSION = YES;
				CLANG_WARN_COMMA = YES;
				CLANG_WARN_CONSTANT_CONVERSION = YES;
				CLANG_WARN_DEPRECATED_OBJC_IMPLEMENTATIONS = YES;
				CLANG_WARN_DIRECT_OBJC_ISA_USAGE = YES_ERROR;
				CLANG_WARN_DOCUMENTATION_COMMENTS = YES;
				CLANG_WARN_EMPTY_BODY = YES;
				CLANG_WARN_ENUM_CONVERSION = YES;
				CLANG_WARN_INFINITE_RECURSION = YES;
				CLANG_WARN_INT_CONVERSION = YES;
				CLANG_WARN_NON_LITERAL_NULL_CONVERSION = YES;
				CLANG_WARN_OBJC_IMPLICIT_RETAIN_SELF = YES;
				CLANG_WARN_OBJC_LITERAL_CONVERSION = YES;
				CLANG_WARN_OBJC_ROOT_CLASS = YES_ERROR;
				CLANG_WARN_QUOTED_INCLUDE_IN_FRAMEWORK_HEADER = YES;
				CLANG_WARN_RANGE_LOOP_ANALYSIS = YES;
				CLANG_WARN_STRICT_PROTOTYPES = YES;
				CLANG_WARN_SUSPICIOUS_MOVE = YES;
				CLANG_WARN_UNGUARDED_AVAILABILITY = YES_AGGRESSIVE;
				CLANG_WARN_UNREACHABLE_CODE = YES;
				CLANG_WARN__DUPLICATE_METHOD_MATCH = YES;
				COPY_PHASE_STRIP = NO;
				DEBUG_INFORMATION_FORMAT = "dwarf-with-dsym";
				ENABLE_NS_ASSERTIONS = NO;
				ENABLE_STRICT_OBJC_MSGSEND = YES;
				ENABLE_USER_SCRIPT_SANDBOXING = YES;
				GCC_C_LANGUAGE_STANDARD = gnu17;
				GCC_NO_COMMON_BLOCKS = YES;
				GCC_WARN_64_TO_32_BIT_CONVERSION = YES;
				GCC_WARN_ABOUT_RETURN_TYPE = YES_ERROR;
				GCC_WARN_UNDECLARED_SELECTOR = YES;
				GCC_WARN_UNINITIALIZED_AUTOS = YES_AGGRESSIVE;
				GCC_WARN_UNUSED_FUNCTION = YES;
				GCC_WARN_UNUSED_VARIABLE = YES;
				IPHONEOS_DEPLOYMENT_TARGET = 16.0;
				LOCALIZATION_PREFERS_STRING_CATALOGS = YES;
				MTL_ENABLE_DEBUG_INFO = NO;
				MTL_FAST_MATH = YES;
				SDKROOT = iphoneos;
				SWIFT_COMPILATION_MODE = wholemodule;
				VALIDATE_PRODUCT = YES;
			};
			name = Release;
		};
		A1234567890123456789011S /* Debug */ = {
			isa = XCBuildConfiguration;
			buildSettings = {
				ASSETCATALOG_COMPILER_APPICON_NAME = AppIcon;
				ASSETCATALOG_COMPILER_GLOBAL_ACCENT_COLOR_NAME = AccentColor;
				CODE_SIGN_STYLE = Automatic;
				CURRENT_PROJECT_VERSION = 1;
				DEVELOPMENT_ASSET_PATHS = "";
				DEVELOPMENT_TEAM = 9DTVW228WL;
				ENABLE_PREVIEWS = YES;
				GENERATE_INFOPLIST_FILE = YES;
				INFOPLIST_KEY_NSLocationWhenInUseUsageDescription = "Bergen! appen trenger tilgang til din lokasjon for å beregne avstanden til Bergen.";
				INFOPLIST_KEY_UIApplicationSceneManifest_Generation = YES;
				INFOPLIST_KEY_UIApplicationSupportsIndirectInputEvents = YES;
				INFOPLIST_KEY_UILaunchScreen_Generation = YES;
				INFOPLIST_KEY_UISupportedInterfaceOrientations = "UIInterfaceOrientationPortrait UIInterfaceOrientationLandscapeLeft UIInterfaceOrientationLandscapeRight";
				INFOPLIST_KEY_UISupportedInterfaceOrientations_iPad = "UIInterfaceOrientationPortrait UIInterfaceOrientationPortraitUpsideDown UIInterfaceOrientationLandscapeLeft UIInterfaceOrientationLandscapeRight";
				LD_RUNPATH_SEARCH_PATHS = (
					"$(inherited)",
					"@executable_path/Frameworks",
				);
				MARKETING_VERSION = 1.0;
				PRODUCT_BUNDLE_IDENTIFIER = no.kerta.app.bergen;
				PRODUCT_NAME = "$(TARGET_NAME)";
				SWIFT_EMIT_LOC_STRINGS = YES;
				SWIFT_VERSION = 5.0;
				TARGETED_DEVICE_FAMILY = "1,2";
			};
			name = Debug;
		};
		A1234567890123456789011T /* Release */ = {
			isa = XCBuildConfiguration;
			buildSettings = {
				ASSETCATALOG_COMPILER_APPICON_NAME = AppIcon;
				ASSETCATALOG_COMPILER_GLOBAL_ACCENT_COLOR_NAME = AccentColor;
				CODE_SIGN_STYLE = Automatic;
				CURRENT_PROJECT_VERSION = 1;
				DEVELOPMENT_ASSET_PATHS = "";
				DEVELOPMENT_TEAM = 9DTVW228WL;
				ENABLE_PREVIEWS = YES;
				GENERATE_INFOPLIST_FILE = YES;
				INFOPLIST_KEY_NSLocationWhenInUseUsageDescription = "Bergen! appen trenger tilgang til din lokasjon for å beregne avstanden til Bergen.";
				INFOPLIST_KEY_UIApplicationSceneManifest_Generation = YES;
				INFOPLIST_KEY_UIApplicationSupportsIndirectInputEvents = YES;
				INFOPLIST_KEY_UILaunchScreen_Generation = YES;
				INFOPLIST_KEY_UISupportedInterfaceOrientations = "UIInterfaceOrientationPortrait UIInterfaceOrientationLandscapeLeft UIInterfaceOrientationLandscapeRight";
				INFOPLIST_KEY_UISupportedInterfaceOrientations_iPad = "UIInterfaceOrientationPortrait UIInterfaceOrientationPortraitUpsideDown UIInterfaceOrientationLandscapeLeft UIInterfaceOrientationLandscapeRight";
				LD_RUNPATH_SEARCH_PATHS = (
					"$(inherited)",
					"@executable_path/Frameworks",
				);
				MARKETING_VERSION = 1.0;
				PRODUCT_BUNDLE_IDENTIFIER = no.kerta.app.bergen;
				PRODUCT_NAME = "$(TARGET_NAME)";
				SWIFT_EMIT_LOC_STRINGS = YES;
				SWIFT_VERSION = 5.0;
				TARGETED_DEVICE_FAMILY = "1,2";
			};
			name = Release;
		};
/* End XCBuildConfiguration section */

/* Begin XCConfigurationList section */
		A1234567890123456789011P /* Build configuration list for PBXProject "BergenApp" */ = {
			isa = XCConfigurationList;
			buildConfigurations = (
				A1234567890123456789011Q /* Debug */,
				A1234567890123456789011R /* Release */,
			);
			defaultConfigurationIsVisible = 0;
			defaultConfigurationName = Release;
		};
		A1234567890123456789011L /* Build configuration list for PBXNativeTarget "BergenApp" */ = {
			isa = XCConfigurationList;
			buildConfigurations = (
				A1234567890123456789011S /* Debug */,
				A1234567890123456789011T /* Release */,
			);
			defaultConfigurationIsVisible = 0;
			defaultConfigurationName = Release;
		};
/* End XCConfigurationList section */
	};
	rootObject = A1234567890123456789011O /* Project object */;
}